<?xml version="1.0" encoding="utf-8"?>
<Project ToolsVersion="4.0" xmlns="http://schemas.microsoft.com/developer/msbuild/2003">
  <ItemGroup>
    <ClCompile Include="TextRPG.cpp" />
    <ClCompile Include="AttackBoost.cpp" />
    <ClCompile Include="BossMonster.cpp" />
    <ClCompile Include="Character.cpp" />
    <ClCompile Include="Goblin.cpp" />
    <ClCompile Include="HealthPotion.cpp" />
    <ClCompile Include="Orc.cpp" />
    <ClCompile Include="Shop.cpp" />
    <ClCompile Include="Slime.cpp" />
    <ClCompile Include="Troll.cpp" />
  </ItemGroup>
  <ItemGroup>
    <ClInclude Include="AttackBoost.h" />
    <ClInclude Include="BossMonster.h" />
    <ClInclude Include="Character.h" />
    <ClInclude Include="Golbin.h" />
    <ClInclude Include="HealthPotion.h" />
    <ClInclude Include="Item.h" />
    <ClInclude Include="Monster.h" />
    <ClInclude Include="Orc.h" />
    <ClInclude Include="Shop.h" />
    <ClInclude Include="Slime.h" />
    <ClInclude Include="Troll.h" />
  </ItemGroup>
  <ItemGroup>
    <None Include="TextRPG.aps" />
  </ItemGroup>
</Project>